
Microsoft Visual Studio Solution File, Format Version 12.00
# Visual Studio Version 17
VisualStudioVersion = 17.5.33516.290
MinimumVisualStudioVersion = 10.0.40219.1
Project("{FAE04EC0-301F-11D3-BF4B-00C04F79EFBC}") = "MovieStore", "MovieStore\MovieStore.csproj", "{0A8A8181-9C23-4758-9E57-303948041450}"
EndProject
Global
	GlobalSection(SolutionConfigurationPlatforms) = preSolution
		Debug|Any CPU = Debug|Any CPU
		Release|Any CPU = Release|Any CPU
	EndGlobalSection
	GlobalSection(ProjectConfigurationPlatforms) = postSolution
		{0A8A8181-9C23-4758-9E57-303948041450}.Debug|Any CPU.ActiveCfg = Debug|Any CPU
		{0A8A8181-9C23-4758-9E57-303948041450}.Debug|Any CPU.Build.0 = Debug|Any CPU
		{0A8A8181-9C23-4758-9E57-303948041450}.Release|Any CPU.ActiveCfg = Release|Any CPU
		{0A8A8181-9C23-4758-9E57-303948041450}.Release|Any CPU.Build.0 = Release|Any CPU
	EndGlobalSection
	GlobalSection(SolutionProperties) = preSolution
		HideSolutionNode = FALSE
	EndGlobalSection
	GlobalSection(ExtensibilityGlobals) = postSolution
		SolutionGuid = {DD3B3836-4C8A-4ED6-8482-7B3257F1B068}
	EndGlobalSection
EndGlobal
